{
  "name": "my-js-framework",
  "version": "0.1.0",
  "lockfileVersion": 2,
  "requires": true,
  "packages": {
    "": {
      "name": "my-js-framework",
      "version": "0.1.0",
      "license": "GPL-3.0-or-later",
      "devDependencies": {
        "tiny-server": "^1.1.1"
      }
    },
    "node_modules/tiny-server": {
      "version": "1.1.1",
      "resolved": "https://registry.npmjs.org/tiny-server/-/tiny-server-1.1.1.tgz",
      "integrity": "sha512-UZdFJFqms0+mvWOs1LRuf2C/ONjERZvaAXXyvqHXGGZtFeFUfeunmVi7OFdI8OgCiBUM1Rq+BfYJ2guVUeXnUg==",
      "dev": true,
      "bin": {
        "tiny-server": "bin/index"
      }
    }
  },
  "dependencies": {
    "tiny-server": {
      "version": "1.1.1",
      "resolved": "https://registry.npmjs.org/tiny-server/-/tiny-server-1.1.1.tgz",
      "integrity": "sha512-UZdFJFqms0+mvWOs1LRuf2C/ONjERZvaAXXyvqHXGGZtFeFUfeunmVi7OFdI8OgCiBUM1Rq+BfYJ2guVUeXnUg==",
      "dev": true
    }
  }
}
